
Microsoft Visual Studio Solution File, Format Version 12.00
# Visual Studio 15
VisualStudioVersion = 15.0.26430.15
MinimumVisualStudioVersion = 10.0.40219.1
Project("{FAE04EC0-301F-11D3-BF4B-00C04F79EFBC}") = "Metric", "Metric\Metric.csproj", "{0BCCF9CF-4986-4F98-B229-4147FCDFE276}"
EndProject
Project("{FAE04EC0-301F-11D3-BF4B-00C04F79EFBC}") = "Unzip", "..\Unzip\Unzip\Unzip.csproj", "{028FC760-F4A0-4F56-8472-E388FA7F5C74}"
EndProject
Project("{FAE04EC0-301F-11D3-BF4B-00C04F79EFBC}") = "UDTApp", "..\UDTApp\UDTApp.csproj", "{12258DE7-49F1-44CD-BFCD-259B0B0E0FAE}"
EndProject
Project("{FAE04EC0-301F-11D3-BF4B-00C04F79EFBC}") = "UDTAppControlLibrary", "..\UDTAppControlLibrary\UDTAppControlLibrary.csproj", "{F3143ADA-78B2-4870-8DDA-1B28A6BA2135}"
EndProject
Project("{FAE04EC0-301F-11D3-BF4B-00C04F79EFBC}") = "DownloadTest", "..\DownloadTest\DownloadTest.csproj", "{A1D20D72-C73B-4A06-8D42-0F4C05D7A5CA}"
EndProject
Global
	GlobalSection(SolutionConfigurationPlatforms) = preSolution
		Debug|Any CPU = Debug|Any CPU
		Debug|x64 = Debug|x64
		Debug|x86 = Debug|x86
		Release|Any CPU = Release|Any CPU
		Release|x64 = Release|x64
		Release|x86 = Release|x86
	EndGlobalSection
	GlobalSection(ProjectConfigurationPlatforms) = postSolution
		{0BCCF9CF-4986-4F98-B229-4147FCDFE276}.Debug|Any CPU.ActiveCfg = Debug|Any CPU
		{0BCCF9CF-4986-4F98-B229-4147FCDFE276}.Debug|Any CPU.Build.0 = Debug|Any CPU
		{0BCCF9CF-4986-4F98-B229-4147FCDFE276}.Debug|x64.ActiveCfg = Debug|Any CPU
		{0BCCF9CF-4986-4F98-B229-4147FCDFE276}.Debug|x64.Build.0 = Debug|Any CPU
		{0BCCF9CF-4986-4F98-B229-4147FCDFE276}.Debug|x86.ActiveCfg = Debug|Any CPU
		{0BCCF9CF-4986-4F98-B229-4147FCDFE276}.Debug|x86.Build.0 = Debug|Any CPU
		{0BCCF9CF-4986-4F98-B229-4147FCDFE276}.Release|Any CPU.ActiveCfg = Release|Any CPU
		{0BCCF9CF-4986-4F98-B229-4147FCDFE276}.Release|Any CPU.Build.0 = Release|Any CPU
		{0BCCF9CF-4986-4F98-B229-4147FCDFE276}.Release|x64.ActiveCfg = Release|Any CPU
		{0BCCF9CF-4986-4F98-B229-4147FCDFE276}.Release|x64.Build.0 = Release|Any CPU
		{0BCCF9CF-4986-4F98-B229-4147FCDFE276}.Release|x86.ActiveCfg = Release|Any CPU
		{0BCCF9CF-4986-4F98-B229-4147FCDFE276}.Release|x86.Build.0 = Release|Any CPU
		{028FC760-F4A0-4F56-8472-E388FA7F5C74}.Debug|Any CPU.ActiveCfg = Debug|Any CPU
		{028FC760-F4A0-4F56-8472-E388FA7F5C74}.Debug|Any CPU.Build.0 = Debug|Any CPU
		{028FC760-F4A0-4F56-8472-E388FA7F5C74}.Debug|x64.ActiveCfg = Debug|Any CPU
		{028FC760-F4A0-4F56-8472-E388FA7F5C74}.Debug|x64.Build.0 = Debug|Any CPU
		{028FC760-F4A0-4F56-8472-E388FA7F5C74}.Debug|x86.ActiveCfg = Debug|Any CPU
		{028FC760-F4A0-4F56-8472-E388FA7F5C74}.Debug|x86.Build.0 = Debug|Any CPU
		{028FC760-F4A0-4F56-8472-E388FA7F5C74}.Release|Any CPU.ActiveCfg = Release|Any CPU
		{028FC760-F4A0-4F56-8472-E388FA7F5C74}.Release|Any CPU.Build.0 = Release|Any CPU
		{028FC760-F4A0-4F56-8472-E388FA7F5C74}.Release|x64.ActiveCfg = Release|Any CPU
		{028FC760-F4A0-4F56-8472-E388FA7F5C74}.Release|x64.Build.0 = Release|Any CPU
		{028FC760-F4A0-4F56-8472-E388FA7F5C74}.Release|x86.ActiveCfg = Release|Any CPU
		{028FC760-F4A0-4F56-8472-E388FA7F5C74}.Release|x86.Build.0 = Release|Any CPU
		{12258DE7-49F1-44CD-BFCD-259B0B0E0FAE}.Debug|Any CPU.ActiveCfg = Debug|Any CPU
		{12258DE7-49F1-44CD-BFCD-259B0B0E0FAE}.Debug|Any CPU.Build.0 = Debug|Any CPU
		{12258DE7-49F1-44CD-BFCD-259B0B0E0FAE}.Debug|x64.ActiveCfg = Debug|x64
		{12258DE7-49F1-44CD-BFCD-259B0B0E0FAE}.Debug|x64.Build.0 = Debug|x64
		{12258DE7-49F1-44CD-BFCD-259B0B0E0FAE}.Debug|x86.ActiveCfg = Debug|x86
		{12258DE7-49F1-44CD-BFCD-259B0B0E0FAE}.Debug|x86.Build.0 = Debug|x86
		{12258DE7-49F1-44CD-BFCD-259B0B0E0FAE}.Release|Any CPU.ActiveCfg = Release|Any CPU
		{12258DE7-49F1-44CD-BFCD-259B0B0E0FAE}.Release|Any CPU.Build.0 = Release|Any CPU
		{12258DE7-49F1-44CD-BFCD-259B0B0E0FAE}.Release|x64.ActiveCfg = Release|x64
		{12258DE7-49F1-44CD-BFCD-259B0B0E0FAE}.Release|x64.Build.0 = Release|x64
		{12258DE7-49F1-44CD-BFCD-259B0B0E0FAE}.Release|x86.ActiveCfg = Release|x86
		{12258DE7-49F1-44CD-BFCD-259B0B0E0FAE}.Release|x86.Build.0 = Release|x86
		{F3143ADA-78B2-4870-8DDA-1B28A6BA2135}.Debug|Any CPU.ActiveCfg = Debug|Any CPU
		{F3143ADA-78B2-4870-8DDA-1B28A6BA2135}.Debug|Any CPU.Build.0 = Debug|Any CPU
		{F3143ADA-78B2-4870-8DDA-1B28A6BA2135}.Debug|x64.ActiveCfg = Debug|Any CPU
		{F3143ADA-78B2-4870-8DDA-1B28A6BA2135}.Debug|x64.Build.0 = Debug|Any CPU
		{F3143ADA-78B2-4870-8DDA-1B28A6BA2135}.Debug|x86.ActiveCfg = Debug|Any CPU
		{F3143ADA-78B2-4870-8DDA-1B28A6BA2135}.Debug|x86.Build.0 = Debug|Any CPU
		{F3143ADA-78B2-4870-8DDA-1B28A6BA2135}.Release|Any CPU.ActiveCfg = Release|Any CPU
		{F3143ADA-78B2-4870-8DDA-1B28A6BA2135}.Release|Any CPU.Build.0 = Release|Any CPU
		{F3143ADA-78B2-4870-8DDA-1B28A6BA2135}.Release|x64.ActiveCfg = Release|Any CPU
		{F3143ADA-78B2-4870-8DDA-1B28A6BA2135}.Release|x64.Build.0 = Release|Any CPU
		{F3143ADA-78B2-4870-8DDA-1B28A6BA2135}.Release|x86.ActiveCfg = Release|Any CPU
		{F3143ADA-78B2-4870-8DDA-1B28A6BA2135}.Release|x86.Build.0 = Release|Any CPU
		{A1D20D72-C73B-4A06-8D42-0F4C05D7A5CA}.Debug|Any CPU.ActiveCfg = Debug|Any CPU
		{A1D20D72-C73B-4A06-8D42-0F4C05D7A5CA}.Debug|Any CPU.Build.0 = Debug|Any CPU
		{A1D20D72-C73B-4A06-8D42-0F4C05D7A5CA}.Debug|x64.ActiveCfg = Debug|Any CPU
		{A1D20D72-C73B-4A06-8D42-0F4C05D7A5CA}.Debug|x64.Build.0 = Debug|Any CPU
		{A1D20D72-C73B-4A06-8D42-0F4C05D7A5CA}.Debug|x86.ActiveCfg = Debug|Any CPU
		{A1D20D72-C73B-4A06-8D42-0F4C05D7A5CA}.Debug|x86.Build.0 = Debug|Any CPU
		{A1D20D72-C73B-4A06-8D42-0F4C05D7A5CA}.Release|Any CPU.ActiveCfg = Release|Any CPU
		{A1D20D72-C73B-4A06-8D42-0F4C05D7A5CA}.Release|Any CPU.Build.0 = Release|Any CPU
		{A1D20D72-C73B-4A06-8D42-0F4C05D7A5CA}.Release|x64.ActiveCfg = Release|Any CPU
		{A1D20D72-C73B-4A06-8D42-0F4C05D7A5CA}.Release|x64.Build.0 = Release|Any CPU
		{A1D20D72-C73B-4A06-8D42-0F4C05D7A5CA}.Release|x86.ActiveCfg = Release|Any CPU
		{A1D20D72-C73B-4A06-8D42-0F4C05D7A5CA}.Release|x86.Build.0 = Release|Any CPU
	EndGlobalSection
	GlobalSection(SolutionProperties) = preSolution
		HideSolutionNode = FALSE
	EndGlobalSection
EndGlobal
