
Microsoft Visual Studio Solution File, Format Version 12.00
# Visual Studio 15
VisualStudioVersion = 15.0.26430.15
MinimumVisualStudioVersion = 10.0.40219.1
Project("{FAE04EC0-301F-11D3-BF4B-00C04F79EFBC}") = "Metric", "Metric\Metric.csproj", "{0BCCF9CF-4986-4F98-B229-4147FCDFE276}"
EndProject
Project("{FAE04EC0-301F-11D3-BF4B-00C04F79EFBC}") = "Unzip", "..\Unzip\Unzip\Unzip.csproj", "{028FC760-F4A0-4F56-8472-E388FA7F5C74}"
EndProject
Global
	GlobalSection(SolutionConfigurationPlatforms) = preSolution
		Debug|Any CPU = Debug|Any CPU
		Release|Any CPU = Release|Any CPU
	EndGlobalSection
	GlobalSection(ProjectConfigurationPlatforms) = postSolution
		{0BCCF9CF-4986-4F98-B229-4147FCDFE276}.Debug|Any CPU.ActiveCfg = Debug|Any CPU
		{0BCCF9CF-4986-4F98-B229-4147FCDFE276}.Debug|Any CPU.Build.0 = Debug|Any CPU
		{0BCCF9CF-4986-4F98-B229-4147FCDFE276}.Release|Any CPU.ActiveCfg = Release|Any CPU
		{0BCCF9CF-4986-4F98-B229-4147FCDFE276}.Release|Any CPU.Build.0 = Release|Any CPU
		{028FC760-F4A0-4F56-8472-E388FA7F5C74}.Debug|Any CPU.ActiveCfg = Debug|Any CPU
		{028FC760-F4A0-4F56-8472-E388FA7F5C74}.Debug|Any CPU.Build.0 = Debug|Any CPU
		{028FC760-F4A0-4F56-8472-E388FA7F5C74}.Release|Any CPU.ActiveCfg = Release|Any CPU
		{028FC760-F4A0-4F56-8472-E388FA7F5C74}.Release|Any CPU.Build.0 = Release|Any CPU
	EndGlobalSection
	GlobalSection(SolutionProperties) = preSolution
		HideSolutionNode = FALSE
	EndGlobalSection
EndGlobal
