
Microsoft Visual Studio Solution File, Format Version 12.00
# Visual Studio 2013
VisualStudioVersion = 12.0.31101.0
MinimumVisualStudioVersion = 10.0.40219.1
Project("{FAE04EC0-301F-11D3-BF4B-00C04F79EFBC}") = "UDTApp", "UDTApp\UDTApp.csproj", "{12258DE7-49F1-44CD-BFCD-259B0B0E0FAE}"
EndProject
Project("{FAE04EC0-301F-11D3-BF4B-00C04F79EFBC}") = "UDTAppControlLibrary", "UDTAppControlLibrary\UDTAppControlLibrary.csproj", "{F3143ADA-78B2-4870-8DDA-1B28A6BA2135}"
EndProject
Project("{FAE04EC0-301F-11D3-BF4B-00C04F79EFBC}") = "CustomControlTest", "CustomControlTest\CustomControlTest.csproj", "{8F7087C2-0A69-4245-8A7D-E149F4336517}"
EndProject
Global
	GlobalSection(SolutionConfigurationPlatforms) = preSolution
		Debug|Any CPU = Debug|Any CPU
		Release|Any CPU = Release|Any CPU
	EndGlobalSection
	GlobalSection(ProjectConfigurationPlatforms) = postSolution
		{12258DE7-49F1-44CD-BFCD-259B0B0E0FAE}.Debug|Any CPU.ActiveCfg = Debug|Any CPU
		{12258DE7-49F1-44CD-BFCD-259B0B0E0FAE}.Debug|Any CPU.Build.0 = Debug|Any CPU
		{12258DE7-49F1-44CD-BFCD-259B0B0E0FAE}.Release|Any CPU.ActiveCfg = Release|Any CPU
		{12258DE7-49F1-44CD-BFCD-259B0B0E0FAE}.Release|Any CPU.Build.0 = Release|Any CPU
		{F3143ADA-78B2-4870-8DDA-1B28A6BA2135}.Debug|Any CPU.ActiveCfg = Debug|Any CPU
		{F3143ADA-78B2-4870-8DDA-1B28A6BA2135}.Debug|Any CPU.Build.0 = Debug|Any CPU
		{F3143ADA-78B2-4870-8DDA-1B28A6BA2135}.Release|Any CPU.ActiveCfg = Release|Any CPU
		{F3143ADA-78B2-4870-8DDA-1B28A6BA2135}.Release|Any CPU.Build.0 = Release|Any CPU
		{8F7087C2-0A69-4245-8A7D-E149F4336517}.Debug|Any CPU.ActiveCfg = Debug|Any CPU
		{8F7087C2-0A69-4245-8A7D-E149F4336517}.Debug|Any CPU.Build.0 = Debug|Any CPU
		{8F7087C2-0A69-4245-8A7D-E149F4336517}.Release|Any CPU.ActiveCfg = Release|Any CPU
		{8F7087C2-0A69-4245-8A7D-E149F4336517}.Release|Any CPU.Build.0 = Release|Any CPU
	EndGlobalSection
	GlobalSection(SolutionProperties) = preSolution
		HideSolutionNode = FALSE
	EndGlobalSection
EndGlobal
